
Microsoft Visual Studio Solution File, Format Version 12.00
# Visual Studio Version 17
VisualStudioVersion = 17.4.33110.190
MinimumVisualStudioVersion = 10.0.40219.1
Project("{FAE04EC0-301F-11D3-BF4B-00C04F79EFBC}") = "Storage", "Storage\Storage.csproj", "{049C2C47-AB82-4213-9962-5C672540A9AA}"
EndProject
Global
	GlobalSection(SolutionConfigurationPlatforms) = preSolution
		Debug|Any CPU = Debug|Any CPU
		Release|Any CPU = Release|Any CPU
	EndGlobalSection
	GlobalSection(ProjectConfigurationPlatforms) = postSolution
		{049C2C47-AB82-4213-9962-5C672540A9AA}.Debug|Any CPU.ActiveCfg = Debug|Any CPU
		{049C2C47-AB82-4213-9962-5C672540A9AA}.Debug|Any CPU.Build.0 = Debug|Any CPU
		{049C2C47-AB82-4213-9962-5C672540A9AA}.Release|Any CPU.ActiveCfg = Release|Any CPU
		{049C2C47-AB82-4213-9962-5C672540A9AA}.Release|Any CPU.Build.0 = Release|Any CPU
	EndGlobalSection
	GlobalSection(SolutionProperties) = preSolution
		HideSolutionNode = FALSE
	EndGlobalSection
	GlobalSection(ExtensibilityGlobals) = postSolution
		SolutionGuid = {53C5E40D-14B9-4CBC-8368-4C92D61F26B9}
	EndGlobalSection
EndGlobal
